
Microsoft Visual Studio Solution File, Format Version 12.00
# Visual Studio Version 17
VisualStudioVersion = 17.10.34928.147
MinimumVisualStudioVersion = 10.0.40219.1
Project("{2150E333-8FDC-42A3-9474-1A3956D46DE8}") = "src", "src", "{4E751015-331B-4C46-BFDD-9080108BAD1F}"
EndProject
Project("{2150E333-8FDC-42A3-9474-1A3956D46DE8}") = "BackEnd", "BackEnd", "{A0080020-C854-4201-A7F6-1066E3C54DF0}"
EndProject
Project("{2150E333-8FDC-42A3-9474-1A3956D46DE8}") = "FrontEnd", "FrontEnd", "{789661BF-BBE3-4164-84E5-9E2109951F54}"
EndProject
Project("{2150E333-8FDC-42A3-9474-1A3956D46DE8}") = "Common", "Common", "{8459939E-AEEB-482F-AD87-A302703D573C}"
EndProject
Project("{2150E333-8FDC-42A3-9474-1A3956D46DE8}") = "Infraestructure", "Infraestructure", "{A979B7C6-E3E0-4571-B6E3-CA409205D368}"
EndProject
Project("{2150E333-8FDC-42A3-9474-1A3956D46DE8}") = "Modules", "Modules", "{39F56C81-7D02-43C8-841C-CD68E6397000}"
EndProject
Project("{9A19103F-16F7-4668-BE54-9A1E7A4F7556}") = "HotelArquitectureClean.Common.Data", "HotelArquitectureClean.Common.Data\HotelArquitectureClean.Common.Data.csproj", "{8C9D1BD4-8FFD-4B95-B145-E6D81DDD54DD}"
EndProject
Project("{9A19103F-16F7-4668-BE54-9A1E7A4F7556}") = "HotelArquitectureClean.Infraestructure", "HotelArquitectureClean.Infraestructure\HotelArquitectureClean.Infraestructure.csproj", "{4F1577CD-7868-494F-897A-1875822AE8E2}"
EndProject
Project("{2150E333-8FDC-42A3-9474-1A3956D46DE8}") = "PisoManagment", "PisoManagment", "{249D64CB-0F34-4595-B1DD-FF4739F3A450}"
EndProject
Project("{2150E333-8FDC-42A3-9474-1A3956D46DE8}") = "RecepcionManagment", "RecepcionManagment", "{8C1FED3C-BDA3-4F3C-950A-5260EE78D40A}"
EndProject
Project("{2150E333-8FDC-42A3-9474-1A3956D46DE8}") = "Apis", "Apis", "{D29B8340-26F4-4CEF-9E97-D6C3F9363354}"
EndProject
Project("{2150E333-8FDC-42A3-9474-1A3956D46DE8}") = "Application", "Application", "{0A998A2B-52FD-4C2A-ACAE-CDED64430E79}"
EndProject
Project("{2150E333-8FDC-42A3-9474-1A3956D46DE8}") = "Domain", "Domain", "{D9A0D3C8-DEFE-4A78-9A8A-71BED411AAE6}"
EndProject
Project("{2150E333-8FDC-42A3-9474-1A3956D46DE8}") = "Persistance", "Persistance", "{015E3FF7-2E2A-4416-94B1-2205465B0CD1}"
EndProject
Project("{9A19103F-16F7-4668-BE54-9A1E7A4F7556}") = "HotelArquitectureClean.Piso.Api", "HotelArquitectureClean.Piso.Api\HotelArquitectureClean.Piso.Api.csproj", "{61D593C7-6FA6-46BD-BD61-9FE0B84459FA}"
EndProject
Project("{2150E333-8FDC-42A3-9474-1A3956D46DE8}") = "Apis", "Apis", "{4941CFBD-C0FE-4300-A12A-B62E0AF2D1C8}"
EndProject
Project("{2150E333-8FDC-42A3-9474-1A3956D46DE8}") = "Application", "Application", "{DEE13BA6-F70F-40E4-9F25-546E3480C498}"
EndProject
Project("{2150E333-8FDC-42A3-9474-1A3956D46DE8}") = "Domain", "Domain", "{7EB770B7-E8A6-4790-9F2C-2F40119C2AA6}"
EndProject
Project("{2150E333-8FDC-42A3-9474-1A3956D46DE8}") = "Persistance", "Persistance", "{35977353-0312-4321-B819-9545ADF560C4}"
EndProject
Project("{9A19103F-16F7-4668-BE54-9A1E7A4F7556}") = "HotelArquitectureClean.Recepcion.Api", "HotelArquitectureClean.Recepcion.Api\HotelArquitectureClean.Recepcion.Api.csproj", "{11A8651B-F5EB-4409-B50D-8207B9EF3B60}"
EndProject
Project("{9A19103F-16F7-4668-BE54-9A1E7A4F7556}") = "HotelArquitectureClean.Piso.Application", "HotelArquitectureClean.Piso.Application\HotelArquitectureClean.Piso.Application.csproj", "{A436DDA2-C289-4B58-BE76-D18AF87E07C8}"
EndProject
Project("{FAE04EC0-301F-11D3-BF4B-00C04F79EFBC}") = "HotelArquitectureClean.Recepcion.Application", "HotelArquitectureClean.Recepcion.Application\HotelArquitectureClean.Recepcion.Application.csproj", "{5AA2FD2D-3199-4A20-9BE0-2355F6333102}"
EndProject
Project("{FAE04EC0-301F-11D3-BF4B-00C04F79EFBC}") = "HotelArquitectureClean.Recepcion.Domain", "HotelArquitectureClean.Recepcion.Domain\HotelArquitectureClean.Recepcion.Domain.csproj", "{499D94ED-8DD5-4C15-98F0-A265C2683363}"
EndProject
Project("{FAE04EC0-301F-11D3-BF4B-00C04F79EFBC}") = "HotelArquitectureClean.Piso.Domain", "HotelArquitectureClean.Piso.Domain\HotelArquitectureClean.Piso.Domain.csproj", "{BDC57136-E550-4A3D-A7F6-AF2AFA1CB151}"
EndProject
Project("{FAE04EC0-301F-11D3-BF4B-00C04F79EFBC}") = "HotelArquitectureClean.Piso.Persistance", "HotelArquitectureClean.Piso.Persistance\HotelArquitectureClean.Piso.Persistance.csproj", "{8FC203E6-FF35-473D-9AF3-0946B4483164}"
EndProject
Project("{FAE04EC0-301F-11D3-BF4B-00C04F79EFBC}") = "HotelArquitectureClean.Recepcion.Persistance", "HotelArquitectureClean.Recepcion.Persistance\HotelArquitectureClean.Recepcion.Persistance.csproj", "{B53D98E2-D73A-4508-89AB-664A9AA93055}"
EndProject
Global
	GlobalSection(SolutionConfigurationPlatforms) = preSolution
		Debug|Any CPU = Debug|Any CPU
		Release|Any CPU = Release|Any CPU
	EndGlobalSection
	GlobalSection(ProjectConfigurationPlatforms) = postSolution
		{8C9D1BD4-8FFD-4B95-B145-E6D81DDD54DD}.Debug|Any CPU.ActiveCfg = Debug|Any CPU
		{8C9D1BD4-8FFD-4B95-B145-E6D81DDD54DD}.Debug|Any CPU.Build.0 = Debug|Any CPU
		{8C9D1BD4-8FFD-4B95-B145-E6D81DDD54DD}.Release|Any CPU.ActiveCfg = Release|Any CPU
		{8C9D1BD4-8FFD-4B95-B145-E6D81DDD54DD}.Release|Any CPU.Build.0 = Release|Any CPU
		{4F1577CD-7868-494F-897A-1875822AE8E2}.Debug|Any CPU.ActiveCfg = Debug|Any CPU
		{4F1577CD-7868-494F-897A-1875822AE8E2}.Debug|Any CPU.Build.0 = Debug|Any CPU
		{4F1577CD-7868-494F-897A-1875822AE8E2}.Release|Any CPU.ActiveCfg = Release|Any CPU
		{4F1577CD-7868-494F-897A-1875822AE8E2}.Release|Any CPU.Build.0 = Release|Any CPU
		{61D593C7-6FA6-46BD-BD61-9FE0B84459FA}.Debug|Any CPU.ActiveCfg = Debug|Any CPU
		{61D593C7-6FA6-46BD-BD61-9FE0B84459FA}.Debug|Any CPU.Build.0 = Debug|Any CPU
		{61D593C7-6FA6-46BD-BD61-9FE0B84459FA}.Release|Any CPU.ActiveCfg = Release|Any CPU
		{61D593C7-6FA6-46BD-BD61-9FE0B84459FA}.Release|Any CPU.Build.0 = Release|Any CPU
		{11A8651B-F5EB-4409-B50D-8207B9EF3B60}.Debug|Any CPU.ActiveCfg = Debug|Any CPU
		{11A8651B-F5EB-4409-B50D-8207B9EF3B60}.Debug|Any CPU.Build.0 = Debug|Any CPU
		{11A8651B-F5EB-4409-B50D-8207B9EF3B60}.Release|Any CPU.ActiveCfg = Release|Any CPU
		{11A8651B-F5EB-4409-B50D-8207B9EF3B60}.Release|Any CPU.Build.0 = Release|Any CPU
		{A436DDA2-C289-4B58-BE76-D18AF87E07C8}.Debug|Any CPU.ActiveCfg = Debug|Any CPU
		{A436DDA2-C289-4B58-BE76-D18AF87E07C8}.Debug|Any CPU.Build.0 = Debug|Any CPU
		{A436DDA2-C289-4B58-BE76-D18AF87E07C8}.Release|Any CPU.ActiveCfg = Release|Any CPU
		{A436DDA2-C289-4B58-BE76-D18AF87E07C8}.Release|Any CPU.Build.0 = Release|Any CPU
		{5AA2FD2D-3199-4A20-9BE0-2355F6333102}.Debug|Any CPU.ActiveCfg = Debug|Any CPU
		{5AA2FD2D-3199-4A20-9BE0-2355F6333102}.Debug|Any CPU.Build.0 = Debug|Any CPU
		{5AA2FD2D-3199-4A20-9BE0-2355F6333102}.Release|Any CPU.ActiveCfg = Release|Any CPU
		{5AA2FD2D-3199-4A20-9BE0-2355F6333102}.Release|Any CPU.Build.0 = Release|Any CPU
		{499D94ED-8DD5-4C15-98F0-A265C2683363}.Debug|Any CPU.ActiveCfg = Debug|Any CPU
		{499D94ED-8DD5-4C15-98F0-A265C2683363}.Debug|Any CPU.Build.0 = Debug|Any CPU
		{499D94ED-8DD5-4C15-98F0-A265C2683363}.Release|Any CPU.ActiveCfg = Release|Any CPU
		{499D94ED-8DD5-4C15-98F0-A265C2683363}.Release|Any CPU.Build.0 = Release|Any CPU
		{BDC57136-E550-4A3D-A7F6-AF2AFA1CB151}.Debug|Any CPU.ActiveCfg = Debug|Any CPU
		{BDC57136-E550-4A3D-A7F6-AF2AFA1CB151}.Debug|Any CPU.Build.0 = Debug|Any CPU
		{BDC57136-E550-4A3D-A7F6-AF2AFA1CB151}.Release|Any CPU.ActiveCfg = Release|Any CPU
		{BDC57136-E550-4A3D-A7F6-AF2AFA1CB151}.Release|Any CPU.Build.0 = Release|Any CPU
		{8FC203E6-FF35-473D-9AF3-0946B4483164}.Debug|Any CPU.ActiveCfg = Debug|Any CPU
		{8FC203E6-FF35-473D-9AF3-0946B4483164}.Debug|Any CPU.Build.0 = Debug|Any CPU
		{8FC203E6-FF35-473D-9AF3-0946B4483164}.Release|Any CPU.ActiveCfg = Release|Any CPU
		{8FC203E6-FF35-473D-9AF3-0946B4483164}.Release|Any CPU.Build.0 = Release|Any CPU
		{B53D98E2-D73A-4508-89AB-664A9AA93055}.Debug|Any CPU.ActiveCfg = Debug|Any CPU
		{B53D98E2-D73A-4508-89AB-664A9AA93055}.Debug|Any CPU.Build.0 = Debug|Any CPU
		{B53D98E2-D73A-4508-89AB-664A9AA93055}.Release|Any CPU.ActiveCfg = Release|Any CPU
		{B53D98E2-D73A-4508-89AB-664A9AA93055}.Release|Any CPU.Build.0 = Release|Any CPU
	EndGlobalSection
	GlobalSection(SolutionProperties) = preSolution
		HideSolutionNode = FALSE
	EndGlobalSection
	GlobalSection(NestedProjects) = preSolution
		{A0080020-C854-4201-A7F6-1066E3C54DF0} = {4E751015-331B-4C46-BFDD-9080108BAD1F}
		{789661BF-BBE3-4164-84E5-9E2109951F54} = {4E751015-331B-4C46-BFDD-9080108BAD1F}
		{8459939E-AEEB-482F-AD87-A302703D573C} = {A0080020-C854-4201-A7F6-1066E3C54DF0}
		{A979B7C6-E3E0-4571-B6E3-CA409205D368} = {A0080020-C854-4201-A7F6-1066E3C54DF0}
		{39F56C81-7D02-43C8-841C-CD68E6397000} = {A0080020-C854-4201-A7F6-1066E3C54DF0}
		{8C9D1BD4-8FFD-4B95-B145-E6D81DDD54DD} = {8459939E-AEEB-482F-AD87-A302703D573C}
		{4F1577CD-7868-494F-897A-1875822AE8E2} = {A979B7C6-E3E0-4571-B6E3-CA409205D368}
		{249D64CB-0F34-4595-B1DD-FF4739F3A450} = {39F56C81-7D02-43C8-841C-CD68E6397000}
		{8C1FED3C-BDA3-4F3C-950A-5260EE78D40A} = {39F56C81-7D02-43C8-841C-CD68E6397000}
		{D29B8340-26F4-4CEF-9E97-D6C3F9363354} = {249D64CB-0F34-4595-B1DD-FF4739F3A450}
		{0A998A2B-52FD-4C2A-ACAE-CDED64430E79} = {249D64CB-0F34-4595-B1DD-FF4739F3A450}
		{D9A0D3C8-DEFE-4A78-9A8A-71BED411AAE6} = {249D64CB-0F34-4595-B1DD-FF4739F3A450}
		{015E3FF7-2E2A-4416-94B1-2205465B0CD1} = {249D64CB-0F34-4595-B1DD-FF4739F3A450}
		{61D593C7-6FA6-46BD-BD61-9FE0B84459FA} = {D29B8340-26F4-4CEF-9E97-D6C3F9363354}
		{4941CFBD-C0FE-4300-A12A-B62E0AF2D1C8} = {8C1FED3C-BDA3-4F3C-950A-5260EE78D40A}
		{DEE13BA6-F70F-40E4-9F25-546E3480C498} = {8C1FED3C-BDA3-4F3C-950A-5260EE78D40A}
		{7EB770B7-E8A6-4790-9F2C-2F40119C2AA6} = {8C1FED3C-BDA3-4F3C-950A-5260EE78D40A}
		{35977353-0312-4321-B819-9545ADF560C4} = {8C1FED3C-BDA3-4F3C-950A-5260EE78D40A}
		{11A8651B-F5EB-4409-B50D-8207B9EF3B60} = {4941CFBD-C0FE-4300-A12A-B62E0AF2D1C8}
		{A436DDA2-C289-4B58-BE76-D18AF87E07C8} = {0A998A2B-52FD-4C2A-ACAE-CDED64430E79}
		{5AA2FD2D-3199-4A20-9BE0-2355F6333102} = {DEE13BA6-F70F-40E4-9F25-546E3480C498}
		{499D94ED-8DD5-4C15-98F0-A265C2683363} = {7EB770B7-E8A6-4790-9F2C-2F40119C2AA6}
		{BDC57136-E550-4A3D-A7F6-AF2AFA1CB151} = {D9A0D3C8-DEFE-4A78-9A8A-71BED411AAE6}
		{8FC203E6-FF35-473D-9AF3-0946B4483164} = {015E3FF7-2E2A-4416-94B1-2205465B0CD1}
		{B53D98E2-D73A-4508-89AB-664A9AA93055} = {35977353-0312-4321-B819-9545ADF560C4}
	EndGlobalSection
	GlobalSection(ExtensibilityGlobals) = postSolution
		SolutionGuid = {B5218216-B965-43CE-B69E-9101C68A9F71}
	EndGlobalSection
EndGlobal
